PODS:
  - Alamofire (5.4.0)
  - "NSObject+Rx (5.1.0)":
    - RxSwift (~> 5.1)
  - RxCocoa (5.1.1):
    - RxRelay (~> 5)
    - RxSwift (~> 5)
  - RxOptional (4.1.0):
    - RxCocoa (~> 5)
    - RxSwift (~> 5)
  - RxRelay (5.1.1):
    - RxSwift (~> 5)
  - RxSwift (5.1.1)

DEPENDENCIES:
  - Alamofire
  - "NSObject+Rx"
  - RxCocoa
  - RxOptional
  - RxSwift

SPEC REPOS:
  trunk:
    - Alamofire
    - "NSObject+Rx"
    - RxCocoa
    - RxOptional
    - RxRelay
    - RxSwift

SPEC CHECKSUMS:
  Alamofire: 3b6a534a3df22db367e4dedeeca73d1ddfcf0e2f
  "NSObject+Rx": fa6bbcc1ab1faa06b01466bc09b1e0692bbc5946
  RxCocoa: 32065309a38d29b5b0db858819b5bf9ef038b601
  RxOptional: b1fcd60856807a564c0215c2184b8d33e7826dc2
  RxRelay: d77f7d771495f43c556cbc43eebd1bb54d01e8e9
  RxSwift: 81470a2074fa8780320ea5fe4102807cb7118178

PODFILE CHECKSUM: 636676fe7f7dc4569f723f1c445105970ebd9db5

COCOAPODS: 1.10.0
